// !$*UTF8*$!
{
	archiveVersion = 1;
	classes = {
	};
	objectVersion = 56;
	objects = {

/* Begin PBXBuildFile section */
		F3594FB32CD22834003DC09B /* AppDelegate.swift in Sources */ = {isa = PBXBuildFile; fileRef = F3594FB22CD22834003DC09B /* AppDelegate.swift */; };
		F3594FB52CD22834003DC09B /* SceneDelegate.swift in Sources */ = {isa = PBXBuildFile; fileRef = F3594FB42CD22834003DC09B /* SceneDelegate.swift */; };
		F3594FB72CD22834003DC09B /* ViewController.swift in Sources */ = {isa = PBXBuildFile; fileRef = F3594FB62CD22834003DC09B /* ViewController.swift */; };
		F3594FBA2CD22834003DC09B /* Base in Resources */ = {isa = PBXBuildFile; fileRef = F3594FB92CD22834003DC09B /* Base */; };
		F3594FBC2CD22835003DC09B /* Assets.xcassets in Resources */ = {isa = PBXBuildFile; fileRef = F3594FBB2CD22835003DC09B /* Assets.xcassets */; };
		F3594FBF2CD22835003DC09B /* Base in Resources */ = {isa = PBXBuildFile; fileRef = F3594FBE2CD22835003DC09B /* Base */; };
		F3594FCA2CD22835003DC09B /* BonoDevLabAppTests.swift in Sources */ = {isa = PBXBuildFile; fileRef = F3594FC92CD22835003DC09B /* BonoDevLabAppTests.swift */; };
		F3594FD42CD22835003DC09B /* BonoDevLabAppUITests.swift in Sources */ = {isa = PBXBuildFile; fileRef = F3594FD32CD22835003DC09B /* BonoDevLabAppUITests.swift */; };
		F3594FD62CD22835003DC09B /* BonoDevLabAppUITestsLaunchTests.swift in Sources */ = {isa = PBXBuildFile; fileRef = F3594FD52CD22835003DC09B /* BonoDevLabAppUITestsLaunchTests.swift */; };
/* End PBXBuildFile section */

/* Begin PBXContainerItemProxy section */
		F3594FC62CD22835003DC09B /* PBXContainerItemProxy */ = {
			isa = PBXContainerItemProxy;
			containerPortal = F3594FA72CD22833003DC09B /* Project object */;
			proxyType = 1;
			remoteGlobalIDString = F3594FAE2CD22833003DC09B;
			remoteInfo = BonoDevLabApp;
		};
		F3594FD02CD22835003DC09B /* PBXContainerItemProxy */ = {
			isa = PBXContainerItemProxy;
			containerPortal = F3594FA72CD22833003DC09B /* Project object */;
			proxyType = 1;
			remoteGlobalIDString = F3594FAE2CD22833003DC09B;
			remoteInfo = BonoDevLabApp;
		};
/* End PBXContainerItemProxy section */

/* Begin PBXFileReference section */
		F3594FAF2CD22834003DC09B /* BonoDevLabApp.app */ = {isa = PBXFileReference; explicitFileType = wrapper.application; includeInIndex = 0; path = BonoDevLabApp.app; sourceTree = BUILT_PRODUCTS_DIR; };
		F3594FB22CD22834003DC09B /* AppDelegate.swift */ = {isa = PBXFileReference; lastKnownFileType = sourcecode.swift; path = AppDelegate.swift; sourceTree = "<group>"; };
		F3594FB42CD22834003DC09B /* SceneDelegate.swift */ = {isa = PBXFileReference; lastKnownFileType = sourcecode.swift; path = SceneDelegate.swift; sourceTree = "<group>"; };
		F3594FB62CD22834003DC09B /* ViewController.swift */ = {isa = PBXFileReference; lastKnownFileType = sourcecode.swift; path = ViewController.swift; sourceTree = "<group>"; };
		F3594FB92CD22834003DC09B /* Base */ = {isa = PBXFileReference; lastKnownFileType = file.storyboard; name = Base; path = Base.lproj/Main.storyboard; sourceTree = "<group>"; };
		F3594FBB2CD22835003DC09B /* Assets.xcassets */ = {isa = PBXFileReference; lastKnownFileType = folder.assetcatalog; path = Assets.xcassets; sourceTree = "<group>"; };
		F3594FBE2CD22835003DC09B /* Base */ = {isa = PBXFileReference; lastKnownFileType = file.storyboard; name = Base; path = Base.lproj/LaunchScreen.storyboard; sourceTree = "<group>"; };
		F3594FC02CD22835003DC09B /* Info.plist */ = {isa = PBXFileReference; lastKnownFileType = text.plist.xml; path = Info.plist; sourceTree = "<group>"; };
		F3594FC52CD22835003DC09B /* BonoDevLabAppTests.xctest */ = {isa = PBXFileReference; explicitFileType = wrapper.cfbundle; includeInIndex = 0; path = BonoDevLabAppTests.xctest; sourceTree = BUILT_PRODUCTS_DIR; };
		F3594FC92CD22835003DC09B /* BonoDevLabAppTests.swift */ = {isa = PBXFileReference; lastKnownFileType = sourcecode.swift; path = BonoDevLabAppTests.swift; sourceTree = "<group>"; };
		F3594FCF2CD22835003DC09B /* BonoDevLabAppUITests.xctest */ = {isa = PBXFileReference; explicitFileType = wrapper.cfbundle; includeInIndex = 0; path = BonoDevLabAppUITests.xctest; sourceTree = BUILT_PRODUCTS_DIR; };
		F3594FD32CD22835003DC09B /* BonoDevLabAppUITests.swift */ = {isa = PBXFileReference; lastKnownFileType = sourcecode.swift; path = BonoDevLabAppUITests.swift; sourceTree = "<group>"; };
		F3594FD52CD22835003DC09B /* BonoDevLabAppUITestsLaunchTests.swift */ = {isa = PBXFileReference; lastKnownFileType = sourcecode.swift; path = BonoDevLabAppUITestsLaunchTests.swift; sourceTree = "<group>"; };
/* End PBXFileReference section */

/* Begin PBXFrameworksBuildPhase section */
		F3594FAC2CD22833003DC09B /* Frameworks */ = {
			isa = PBXFrameworksBuildPhase;
			buildActionMask = 2147483647;
			files = (
			);
			runOnlyForDeploymentPostprocessing = 0;
		};
		F3594FC22CD22835003DC09B /* Frameworks */ = {
			isa = PBXFrameworksBuildPhase;
			buildActionMask = 2147483647;
			files = (
			);
			runOnlyForDeploymentPostprocessing = 0;
		};
		F3594FCC2CD22835003DC09B /* Frameworks */ = {
			isa = PBXFrameworksBuildPhase;
			buildActionMask = 2147483647;
			files = (
			);
			runOnlyForDeploymentPostprocessing = 0;
		};
/* End PBXFrameworksBuildPhase section */

/* Begin PBXGroup section */
		F3594FA62CD22833003DC09B = {
			isa = PBXGroup;
			children = (
				F3594FB12CD22834003DC09B /* BonoDevLabApp */,
				F3594FC82CD22835003DC09B /* BonoDevLabAppTests */,
				F3594FD22CD22835003DC09B /* BonoDevLabAppUITests */,
				F3594FB02CD22834003DC09B /* Products */,
			);
			sourceTree = "<group>";
		};
		F3594FB02CD22834003DC09B /* Products */ = {
			isa = PBXGroup;
			children = (
				F3594FAF2CD22834003DC09B /* BonoDevLabApp.app */,
				F3594FC52CD22835003DC09B /* BonoDevLabAppTests.xctest */,
				F3594FCF2CD22835003DC09B /* BonoDevLabAppUITests.xctest */,
			);
			name = Products;
			sourceTree = "<group>";
		};
		F3594FB12CD22834003DC09B /* BonoDevLabApp */ = {
			isa = PBXGroup;
			children = (
				F3594FB22CD22834003DC09B /* AppDelegate.swift */,
				F3594FB42CD22834003DC09B /* SceneDelegate.swift */,
				F3594FB62CD22834003DC09B /* ViewController.swift */,
				F3594FB82CD22834003DC09B /* Main.storyboard */,
				F3594FBB2CD22835003DC09B /* Assets.xcassets */,
				F3594FBD2CD22835003DC09B /* LaunchScreen.storyboard */,
				F3594FC02CD22835003DC09B /* Info.plist */,
			);
			path = BonoDevLabApp;
			sourceTree = "<group>";
		};
		F3594FC82CD22835003DC09B /* BonoDevLabAppTests */ = {
			isa = PBXGroup;
			children = (
				F3594FC92CD22835003DC09B /* BonoDevLabAppTests.swift */,
			);
			path = BonoDevLabAppTests;
			sourceTree = "<group>";
		};
		F3594FD22CD22835003DC09B /* BonoDevLabAppUITests */ = {
			isa = PBXGroup;
			children = (
				F3594FD32CD22835003DC09B /* BonoDevLabAppUITests.swift */,
				F3594FD52CD22835003DC09B /* BonoDevLabAppUITestsLaunchTests.swift */,
			);
			path = BonoDevLabAppUITests;
			sourceTree = "<group>";
		};
/* End PBXGroup section */

/* Begin PBXNativeTarget section */
		F3594FAE2CD22833003DC09B /* BonoDevLabApp */ = {
			isa = PBXNativeTarget;
			buildConfigurationList = F3594FD92CD22835003DC09B /* Build configuration list for PBXNativeTarget "BonoDevLabApp" */;
			buildPhases = (
				F3594FAB2CD22833003DC09B /* Sources */,
				F3594FAC2CD22833003DC09B /* Frameworks */,
				F3594FAD2CD22833003DC09B /* Resources */,
			);
			buildRules = (
			);
			dependencies = (
			);
			name = BonoDevLabApp;
			productName = BonoDevLabApp;
			productReference = F3594FAF2CD22834003DC09B /* BonoDevLabApp.app */;
			productType = "com.apple.product-type.application";
		};
		F3594FC42CD22835003DC09B /* BonoDevLabAppTests */ = {
			isa = PBXNativeTarget;
			buildConfigurationList = F3594FDC2CD22835003DC09B /* Build configuration list for PBXNativeTarget "BonoDevLabAppTests" */;
			buildPhases = (
				F3594FC12CD22835003DC09B /* Sources */,
				F3594FC22CD22835003DC09B /* Frameworks */,
				F3594FC32CD22835003DC09B /* Resources */,
			);
			buildRules = (
			);
			dependencies = (
				F3594FC72CD22835003DC09B /* PBXTargetDependency */,
			);
			name = BonoDevLabAppTests;
			productName = BonoDevLabAppTests;
			productReference = F3594FC52CD22835003DC09B /* BonoDevLabAppTests.xctest */;
			productType = "com.apple.product-type.bundle.unit-test";
		};
		F3594FCE2CD22835003DC09B /* BonoDevLabAppUITests */ = {
			isa = PBXNativeTarget;
			buildConfigurationList = F3594FDF2CD22835003DC09B /* Build configuration list for PBXNativeTarget "BonoDevLabAppUITests" */;
			buildPhases = (
				F3594FCB2CD22835003DC09B /* Sources */,
				F3594FCC2CD22835003DC09B /* Frameworks */,
				F3594FCD2CD22835003DC09B /* Resources */,
			);
			buildRules = (
			);
			dependencies = (
				F3594FD12CD22835003DC09B /* PBXTargetDependency */,
			);
			name = BonoDevLabAppUITests;
			productName = BonoDevLabAppUITests;
			productReference = F3594FCF2CD22835003DC09B /* BonoDevLabAppUITests.xctest */;
			productType = "com.apple.product-type.bundle.ui-testing";
		};
/* End PBXNativeTarget section */

/* Begin PBXProject section */
		F3594FA72CD22833003DC09B /* Project object */ = {
			isa = PBXProject;
			attributes = {
				BuildIndependentTargetsInParallel = 1;
				LastSwiftUpdateCheck = 1540;
				LastUpgradeCheck = 1540;
				TargetAttributes = {
					F3594FAE2CD22833003DC09B = {
						CreatedOnToolsVersion = 15.4;
					};
					F3594FC42CD22835003DC09B = {
						CreatedOnToolsVersion = 15.4;
						TestTargetID = F3594FAE2CD22833003DC09B;
					};
					F3594FCE2CD22835003DC09B = {
						CreatedOnToolsVersion = 15.4;
						TestTargetID = F3594FAE2CD22833003DC09B;
					};
				};
			};
			buildConfigurationList = F3594FAA2CD22833003DC09B /* Build configuration list for PBXProject "BonoDevLabApp" */;
			compatibilityVersion = "Xcode 14.0";
			developmentRegion = en;
			hasScannedForEncodings = 0;
			knownRegions = (
				en,
				Base,
			);
			mainGroup = F3594FA62CD22833003DC09B;
			productRefGroup = F3594FB02CD22834003DC09B /* Products */;
			projectDirPath = "";
			projectRoot = "";
			targets = (
				F3594FAE2CD22833003DC09B /* BonoDevLabApp */,
				F3594FC42CD22835003DC09B /* BonoDevLabAppTests */,
				F3594FCE2CD22835003DC09B /* BonoDevLabAppUITests */,
			);
		};
/* End PBXProject section */

/* Begin PBXResourcesBuildPhase section */
		F3594FAD2CD22833003DC09B /* Resources */ = {
			isa = PBXResourcesBuildPhase;
			buildActionMask = 2147483647;
			files = (
				F3594FBC2CD22835003DC09B /* Assets.xcassets in Resources */,
				F3594FBF2CD22835003DC09B /* Base in Resources */,
				F3594FBA2CD22834003DC09B /* Base in Resources */,
			);
			runOnlyForDeploymentPostprocessing = 0;
		};
		F3594FC32CD22835003DC09B /* Resources */ = {
			isa = PBXResourcesBuildPhase;
			buildActionMask = 2147483647;
			files = (
			);
			runOnlyForDeploymentPostprocessing = 0;
		};
		F3594FCD2CD22835003DC09B /* Resources */ = {
			isa = PBXResourcesBuildPhase;
			buildActionMask = 2147483647;
			files = (
			);
			runOnlyForDeploymentPostprocessing = 0;
		};
/* End PBXResourcesBuildPhase section */

/* Begin PBXSourcesBuildPhase section */
		F3594FAB2CD22833003DC09B /* Sources */ = {
			isa = PBXSourcesBuildPhase;
			buildActionMask = 2147483647;
			files = (
				F3594FB72CD22834003DC09B /* ViewController.swift in Sources */,
				F3594FB32CD22834003DC09B /* AppDelegate.swift in Sources */,
				F3594FB52CD22834003DC09B /* SceneDelegate.swift in Sources */,
			);
			runOnlyForDeploymentPostprocessing = 0;
		};
		F3594FC12CD22835003DC09B /* Sources */ = {
			isa = PBXSourcesBuildPhase;
			buildActionMask = 2147483647;
			files = (
				F3594FCA2CD22835003DC09B /* BonoDevLabAppTests.swift in Sources */,
			);
			runOnlyForDeploymentPostprocessing = 0;
		};
		F3594FCB2CD22835003DC09B /* Sources */ = {
			isa = PBXSourcesBuildPhase;
			buildActionMask = 2147483647;
			files = (
				F3594FD62CD22835003DC09B /* BonoDevLabAppUITestsLaunchTests.swift in Sources */,
				F3594FD42CD22835003DC09B /* BonoDevLabAppUITests.swift in Sources */,
			);
			runOnlyForDeploymentPostprocessing = 0;
		};
/* End PBXSourcesBuildPhase section */

/* Begin PBXTargetDependency section */
		F3594FC72CD22835003DC09B /* PBXTargetDependency */ = {
			isa = PBXTargetDependency;
			target = F3594FAE2CD22833003DC09B /* BonoDevLabApp */;
			targetProxy = F3594FC62CD22835003DC09B /* PBXContainerItemProxy */;
		};
		F3594FD12CD22835003DC09B /* PBXTargetDependency */ = {
			isa = PBXTargetDependency;
			target = F3594FAE2CD22833003DC09B /* BonoDevLabApp */;
			targetProxy = F3594FD02CD22835003DC09B /* PBXContainerItemProxy */;
		};
/* End PBXTargetDependency section */

/* Begin PBXVariantGroup section */
		F3594FB82CD22834003DC09B /* Main.storyboard */ = {
			isa = PBXVariantGroup;
			children = (
				F3594FB92CD22834003DC09B /* Base */,
			);
			name = Main.storyboard;
			sourceTree = "<group>";
		};
		F3594FBD2CD22835003DC09B /* LaunchScreen.storyboard */ = {
			isa = PBXVariantGroup;
			children = (
				F3594FBE2CD22835003DC09B /* Base */,
			);
			name = LaunchScreen.storyboard;
			sourceTree = "<group>";
		};
/* End PBXVariantGroup section */

/* Begin XCBuildConfiguration section */
		F3594FD72CD22835003DC09B /* Debug */ = {
			isa = XCBuildConfiguration;
			buildSettings = {
				ALWAYS_SEARCH_USER_PATHS = NO;
				ASSETCATALOG_COMPILER_GENERATE_SWIFT_ASSET_SYMBOL_EXTENSIONS = YES;
				CLANG_ANALYZER_NONNULL = YES;
				CLANG_ANALYZER_NUMBER_OBJECT_CONVERSION = YES_AGGRESSIVE;
				CLANG_CXX_LANGUAGE_STANDARD = "gnu++20";
				CLANG_ENABLE_MODULES = YES;
				CLANG_ENABLE_OBJC_ARC = YES;
				CLANG_ENABLE_OBJC_WEAK = YES;
				CLANG_WARN_BLOCK_CAPTURE_AUTORELEASING = YES;
				CLANG_WARN_BOOL_CONVERSION = YES;
				CLANG_WARN_COMMA = YES;
				CLANG_WARN_CONSTANT_CONVERSION = YES;
				CLANG_WARN_DEPRECATED_OBJC_IMPLEMENTATIONS = YES;
				CLANG_WARN_DIRECT_OBJC_ISA_USAGE = YES_ERROR;
				CLANG_WARN_DOCUMENTATION_COMMENTS = YES;
				CLANG_WARN_EMPTY_BODY = YES;
				CLANG_WARN_ENUM_CONVERSION = YES;
				CLANG_WARN_INFINITE_RECURSION = YES;
				CLANG_WARN_INT_CONVERSION = YES;
				CLANG_WARN_NON_LITERAL_NULL_CONVERSION = YES;
				CLANG_WARN_OBJC_IMPLICIT_RETAIN_SELF = YES;
				CLANG_WARN_OBJC_LITERAL_CONVERSION = YES;
				CLANG_WARN_OBJC_ROOT_CLASS = YES_ERROR;
				CLANG_WARN_QUOTED_INCLUDE_IN_FRAMEWORK_HEADER = YES;
				CLANG_WARN_RANGE_LOOP_ANALYSIS = YES;
				CLANG_WARN_STRICT_PROTOTYPES = YES;
				CLANG_WARN_SUSPICIOUS_MOVE = YES;
				CLANG_WARN_UNGUARDED_AVAILABILITY = YES_AGGRESSIVE;
				CLANG_WARN_UNREACHABLE_CODE = YES;
				CLANG_WARN__DUPLICATE_METHOD_MATCH = YES;
				COPY_PHASE_STRIP = NO;
				DEBUG_INFORMATION_FORMAT = dwarf;
				ENABLE_STRICT_OBJC_MSGSEND = YES;
				ENABLE_TESTABILITY = YES;
				ENABLE_USER_SCRIPT_SANDBOXING = YES;
				GCC_C_LANGUAGE_STANDARD = gnu17;
				GCC_DYNAMIC_NO_PIC = NO;
				GCC_NO_COMMON_BLOCKS = YES;
				GCC_OPTIMIZATION_LEVEL = 0;
				GCC_PREPROCESSOR_DEFINITIONS = (
					"DEBUG=1",
					"$(inherited)",
				);
				GCC_WARN_64_TO_32_BIT_CONVERSION = YES;
				GCC_WARN_ABOUT_RETURN_TYPE = YES_ERROR;
				GCC_WARN_UNDECLARED_SELECTOR = YES;
				GCC_WARN_UNINITIALIZED_AUTOS = YES_AGGRESSIVE;
				GCC_WARN_UNUSED_FUNCTION = YES;
				GCC_WARN_UNUSED_VARIABLE = YES;
				IPHONEOS_DEPLOYMENT_TARGET = 17.5;
				LOCALIZATION_PREFERS_STRING_CATALOGS = YES;
				MTL_ENABLE_DEBUG_INFO = INCLUDE_SOURCE;
				MTL_FAST_MATH = YES;
				ONLY_ACTIVE_ARCH = YES;
				SDKROOT = iphoneos;
				SWIFT_ACTIVE_COMPILATION_CONDITIONS = "DEBUG $(inherited)";
				SWIFT_OPTIMIZATION_LEVEL = "-Onone";
			};
			name = Debug;
		};
		F3594FD82CD22835003DC09B /* Release */ = {
			isa = XCBuildConfiguration;
			buildSettings = {
				ALWAYS_SEARCH_USER_PATHS = NO;
				ASSETCATALOG_COMPILER_GENERATE_SWIFT_ASSET_SYMBOL_EXTENSIONS = YES;
				CLANG_ANALYZER_NONNULL = YES;
				CLANG_ANALYZER_NUMBER_OBJECT_CONVERSION = YES_AGGRESSIVE;
				CLANG_CXX_LANGUAGE_STANDARD = "gnu++20";
				CLANG_ENABLE_MODULES = YES;
				CLANG_ENABLE_OBJC_ARC = YES;
				CLANG_ENABLE_OBJC_WEAK = YES;
				CLANG_WARN_BLOCK_CAPTURE_AUTORELEASING = YES;
				CLANG_WARN_BOOL_CONVERSION = YES;
				CLANG_WARN_COMMA = YES;
				CLANG_WARN_CONSTANT_CONVERSION = YES;
				CLANG_WARN_DEPRECATED_OBJC_IMPLEMENTATIONS = YES;
				CLANG_WARN_DIRECT_OBJC_ISA_USAGE = YES_ERROR;
				CLANG_WARN_DOCUMENTATION_COMMENTS = YES;
				CLANG_WARN_EMPTY_BODY = YES;
				CLANG_WARN_ENUM_CONVERSION = YES;
				CLANG_WARN_INFINITE_RECURSION = YES;
				CLANG_WARN_INT_CONVERSION = YES;
				CLANG_WARN_NON_LITERAL_NULL_CONVERSION = YES;
				CLANG_WARN_OBJC_IMPLICIT_RETAIN_SELF = YES;
				CLANG_WARN_OBJC_LITERAL_CONVERSION = YES;
				CLANG_WARN_OBJC_ROOT_CLASS = YES_ERROR;
				CLANG_WARN_QUOTED_INCLUDE_IN_FRAMEWORK_HEADER = YES;
				CLANG_WARN_RANGE_LOOP_ANALYSIS = YES;
				CLANG_WARN_STRICT_PROTOTYPES = YES;
				CLANG_WARN_SUSPICIOUS_MOVE = YES;
				CLANG_WARN_UNGUARDED_AVAILABILITY = YES_AGGRESSIVE;
				CLANG_WARN_UNREACHABLE_CODE = YES;
				CLANG_WARN__DUPLICATE_METHOD_MATCH = YES;
				COPY_PHASE_STRIP = NO;
				DEBUG_INFORMATION_FORMAT = "dwarf-with-dsym";
				ENABLE_NS_ASSERTIONS = NO;
				ENABLE_STRICT_OBJC_MSGSEND = YES;
				ENABLE_USER_SCRIPT_SANDBOXING = YES;
				GCC_C_LANGUAGE_STANDARD = gnu17;
				GCC_NO_COMMON_BLOCKS = YES;
				GCC_WARN_64_TO_32_BIT_CONVERSION = YES;
				GCC_WARN_ABOUT_RETURN_TYPE = YES_ERROR;
				GCC_WARN_UNDECLARED_SELECTOR = YES;
				GCC_WARN_UNINITIALIZED_AUTOS = YES_AGGRESSIVE;
				GCC_WARN_UNUSED_FUNCTION = YES;
				GCC_WARN_UNUSED_VARIABLE = YES;
				IPHONEOS_DEPLOYMENT_TARGET = 17.5;
				LOCALIZATION_PREFERS_STRING_CATALOGS = YES;
				MTL_ENABLE_DEBUG_INFO = NO;
				MTL_FAST_MATH = YES;
				SDKROOT = iphoneos;
				SWIFT_COMPILATION_MODE = wholemodule;
				VALIDATE_PRODUCT = YES;
			};
			name = Release;
		};
		F3594FDA2CD22835003DC09B /* Debug */ = {
			isa = XCBuildConfiguration;
			buildSettings = {
				ASSETCATALOG_COMPILER_APPICON_NAME = AppIcon;
				ASSETCATALOG_COMPILER_GLOBAL_ACCENT_COLOR_NAME = AccentColor;
				CODE_SIGN_STYLE = Automatic;
				CURRENT_PROJECT_VERSION = 1;
				DEVELOPMENT_TEAM = QVX6L7QGV2;
				GENERATE_INFOPLIST_FILE = YES;
				INFOPLIST_FILE = BonoDevLabApp/Info.plist;
				INFOPLIST_KEY_UIApplicationSupportsIndirectInputEvents = YES;
				INFOPLIST_KEY_UILaunchStoryboardName = LaunchScreen;
				INFOPLIST_KEY_UIMainStoryboardFile = Main;
				INFOPLIST_KEY_UISupportedInterfaceOrientations_iPad = "UIInterfaceOrientationPortrait UIInterfaceOrientationPortraitUpsideDown UIInterfaceOrientationLandscapeLeft UIInterfaceOrientationLandscapeRight";
				INFOPLIST_KEY_UISupportedInterfaceOrientations_iPhone = "UIInterfaceOrientationPortrait UIInterfaceOrientationLandscapeLeft UIInterfaceOrientationLandscapeRight";
				LD_RUNPATH_SEARCH_PATHS = (
					"$(inherited)",
					"@executable_path/Frameworks",
				);
				MARKETING_VERSION = 1.0;
				PRODUCT_BUNDLE_IDENTIFIER = com.AkCoo.BonoDevLabApp;
				PRODUCT_NAME = "$(TARGET_NAME)";
				SWIFT_EMIT_LOC_STRINGS = YES;
				SWIFT_VERSION = 5.0;
				TARGETED_DEVICE_FAMILY = "1,2";
			};
			name = Debug;
		};
		F3594FDB2CD22835003DC09B /* Release */ = {
			isa = XCBuildConfiguration;
			buildSettings = {
				ASSETCATALOG_COMPILER_APPICON_NAME = AppIcon;
				ASSETCATALOG_COMPILER_GLOBAL_ACCENT_COLOR_NAME = AccentColor;
				CODE_SIGN_STYLE = Automatic;
				CURRENT_PROJECT_VERSION = 1;
				DEVELOPMENT_TEAM = QVX6L7QGV2;
				GENERATE_INFOPLIST_FILE = YES;
				INFOPLIST_FILE = BonoDevLabApp/Info.plist;
				INFOPLIST_KEY_UIApplicationSupportsIndirectInputEvents = YES;
				INFOPLIST_KEY_UILaunchStoryboardName = LaunchScreen;
				INFOPLIST_KEY_UIMainStoryboardFile = Main;
				INFOPLIST_KEY_UISupportedInterfaceOrientations_iPad = "UIInterfaceOrientationPortrait UIInterfaceOrientationPortraitUpsideDown UIInterfaceOrientationLandscapeLeft UIInterfaceOrientationLandscapeRight";
				INFOPLIST_KEY_UISupportedInterfaceOrientations_iPhone = "UIInterfaceOrientationPortrait UIInterfaceOrientationLandscapeLeft UIInterfaceOrientationLandscapeRight";
				LD_RUNPATH_SEARCH_PATHS = (
					"$(inherited)",
					"@executable_path/Frameworks",
				);
				MARKETING_VERSION = 1.0;
				PRODUCT_BUNDLE_IDENTIFIER = com.AkCoo.BonoDevLabApp;
				PRODUCT_NAME = "$(TARGET_NAME)";
				SWIFT_EMIT_LOC_STRINGS = YES;
				SWIFT_VERSION = 5.0;
				TARGETED_DEVICE_FAMILY = "1,2";
			};
			name = Release;
		};
		F3594FDD2CD22835003DC09B /* Debug */ = {
			isa = XCBuildConfiguration;
			buildSettings = {
				ALWAYS_EMBED_SWIFT_STANDARD_LIBRARIES = YES;
				BUNDLE_LOADER = "$(TEST_HOST)";
				CODE_SIGN_STYLE = Automatic;
				CURRENT_PROJECT_VERSION = 1;
				DEVELOPMENT_TEAM = QVX6L7QGV2;
				GENERATE_INFOPLIST_FILE = YES;
				IPHONEOS_DEPLOYMENT_TARGET = 17.5;
				MARKETING_VERSION = 1.0;
				PRODUCT_BUNDLE_IDENTIFIER = com.AkCoo.BonoDevLabAppTests;
				PRODUCT_NAME = "$(TARGET_NAME)";
				SWIFT_EMIT_LOC_STRINGS = NO;
				SWIFT_VERSION = 5.0;
				TARGETED_DEVICE_FAMILY = "1,2";
				TEST_HOST = "$(BUILT_PRODUCTS_DIR)/BonoDevLabApp.app/$(BUNDLE_EXECUTABLE_FOLDER_PATH)/BonoDevLabApp";
			};
			name = Debug;
		};
		F3594FDE2CD22835003DC09B /* Release */ = {
			isa = XCBuildConfiguration;
			buildSettings = {
				ALWAYS_EMBED_SWIFT_STANDARD_LIBRARIES = YES;
				BUNDLE_LOADER = "$(TEST_HOST)";
				CODE_SIGN_STYLE = Automatic;
				CURRENT_PROJECT_VERSION = 1;
				DEVELOPMENT_TEAM = QVX6L7QGV2;
				GENERATE_INFOPLIST_FILE = YES;
				IPHONEOS_DEPLOYMENT_TARGET = 17.5;
				MARKETING_VERSION = 1.0;
				PRODUCT_BUNDLE_IDENTIFIER = com.AkCoo.BonoDevLabAppTests;
				PRODUCT_NAME = "$(TARGET_NAME)";
				SWIFT_EMIT_LOC_STRINGS = NO;
				SWIFT_VERSION = 5.0;
				TARGETED_DEVICE_FAMILY = "1,2";
				TEST_HOST = "$(BUILT_PRODUCTS_DIR)/BonoDevLabApp.app/$(BUNDLE_EXECUTABLE_FOLDER_PATH)/BonoDevLabApp";
			};
			name = Release;
		};
		F3594FE02CD22835003DC09B /* Debug */ = {
			isa = XCBuildConfiguration;
			buildSettings = {
				ALWAYS_EMBED_SWIFT_STANDARD_LIBRARIES = YES;
				CODE_SIGN_STYLE = Automatic;
				CURRENT_PROJECT_VERSION = 1;
				DEVELOPMENT_TEAM = QVX6L7QGV2;
				GENERATE_INFOPLIST_FILE = YES;
				MARKETING_VERSION = 1.0;
				PRODUCT_BUNDLE_IDENTIFIER = com.AkCoo.BonoDevLabAppUITests;
				PRODUCT_NAME = "$(TARGET_NAME)";
				SWIFT_EMIT_LOC_STRINGS = NO;
				SWIFT_VERSION = 5.0;
				TARGETED_DEVICE_FAMILY = "1,2";
				TEST_TARGET_NAME = BonoDevLabApp;
			};
			name = Debug;
		};
		F3594FE12CD22835003DC09B /* Release */ = {
			isa = XCBuildConfiguration;
			buildSettings = {
				ALWAYS_EMBED_SWIFT_STANDARD_LIBRARIES = YES;
				CODE_SIGN_STYLE = Automatic;
				CURRENT_PROJECT_VERSION = 1;
				DEVELOPMENT_TEAM = QVX6L7QGV2;
				GENERATE_INFOPLIST_FILE = YES;
				MARKETING_VERSION = 1.0;
				PRODUCT_BUNDLE_IDENTIFIER = com.AkCoo.BonoDevLabAppUITests;
				PRODUCT_NAME = "$(TARGET_NAME)";
				SWIFT_EMIT_LOC_STRINGS = NO;
				SWIFT_VERSION = 5.0;
				TARGETED_DEVICE_FAMILY = "1,2";
				TEST_TARGET_NAME = BonoDevLabApp;
			};
			name = Release;
		};
/* End XCBuildConfiguration section */

/* Begin XCConfigurationList section */
		F3594FAA2CD22833003DC09B /* Build configuration list for PBXProject "BonoDevLabApp" */ = {
			isa = XCConfigurationList;
			buildConfigurations = (
				F3594FD72CD22835003DC09B /* Debug */,
				F3594FD82CD22835003DC09B /* Release */,
			);
			defaultConfigurationIsVisible = 0;
			defaultConfigurationName = Release;
		};
		F3594FD92CD22835003DC09B /* Build configuration list for PBXNativeTarget "BonoDevLabApp" */ = {
			isa = XCConfigurationList;
			buildConfigurations = (
				F3594FDA2CD22835003DC09B /* Debug */,
				F3594FDB2CD22835003DC09B /* Release */,
			);
			defaultConfigurationIsVisible = 0;
			defaultConfigurationName = Release;
		};
		F3594FDC2CD22835003DC09B /* Build configuration list for PBXNativeTarget "BonoDevLabAppTests" */ = {
			isa = XCConfigurationList;
			buildConfigurations = (
				F3594FDD2CD22835003DC09B /* Debug */,
				F3594FDE2CD22835003DC09B /* Release */,
			);
			defaultConfigurationIsVisible = 0;
			defaultConfigurationName = Release;
		};
		F3594FDF2CD22835003DC09B /* Build configuration list for PBXNativeTarget "BonoDevLabAppUITests" */ = {
			isa = XCConfigurationList;
			buildConfigurations = (
				F3594FE02CD22835003DC09B /* Debug */,
				F3594FE12CD22835003DC09B /* Release */,
			);
			defaultConfigurationIsVisible = 0;
			defaultConfigurationName = Release;
		};
/* End XCConfigurationList section */
	};
	rootObject = F3594FA72CD22833003DC09B /* Project object */;
}
